// !$*UTF8*$!
{
	archiveVersion = 1;
	classes = {
	};
	objectVersion = 46;
	objects = {

/* Begin PBXBuildFile section */
		4005880E1ABBA92600858D6C /* AppDelegate.swift in Sources */ = {isa = PBXBuildFile; fileRef = 4005880D1ABBA92600858D6C /* AppDelegate.swift */; };
		400588101ABBA92600858D6C /* Widoo-Prefix.pch in Resources */ = {isa = PBXBuildFile; fileRef = 4005880F1ABBA92600858D6C /* Widoo-Prefix.pch */; };
		400588151ABBA92600858D6C /* LaunchScreen.xib in Resources */ = {isa = PBXBuildFile; fileRef = 400588131ABBA92600858D6C /* LaunchScreen.xib */; };
		400588211ABBA92600858D6C /* WidooTests.swift in Sources */ = {isa = PBXBuildFile; fileRef = 400588201ABBA92600858D6C /* WidooTests.swift */; };
		4005882B1ABBA93100858D6C /* AudioToolbox.framework in Frameworks */ = {isa = PBXBuildFile; fileRef = 4005882A1ABBA93100858D6C /* AudioToolbox.framework */; };
		4005882D1ABBA95700858D6C /* CFNetwork.framework in Frameworks */ = {isa = PBXBuildFile; fileRef = 4005882C1ABBA95700858D6C /* CFNetwork.framework */; };
		4005882F1ABBA95D00858D6C /* CoreGraphics.framework in Frameworks */ = {isa = PBXBuildFile; fileRef = 4005882E1ABBA95D00858D6C /* CoreGraphics.framework */; };
		400588311ABBA96400858D6C /* CoreLocation.framework in Frameworks */ = {isa = PBXBuildFile; fileRef = 400588301ABBA96400858D6C /* CoreLocation.framework */; };
		400588331ABBA97200858D6C /* MobileCoreServices.framework in Frameworks */ = {isa = PBXBuildFile; fileRef = 400588321ABBA97200858D6C /* MobileCoreServices.framework */; };
		400588351ABBA97D00858D6C /* QuartzCore.framework in Frameworks */ = {isa = PBXBuildFile; fileRef = 400588341ABBA97D00858D6C /* QuartzCore.framework */; };
		400588371ABBA98500858D6C /* Security.framework in Frameworks */ = {isa = PBXBuildFile; fileRef = 400588361ABBA98500858D6C /* Security.framework */; };
		4005883C1ABBA9C000858D6C /* libsqlite3.dylib in Frameworks */ = {isa = PBXBuildFile; fileRef = 400588381ABBA9C000858D6C /* libsqlite3.dylib */; };
		4005883D1ABBA9C000858D6C /* libz.dylib in Frameworks */ = {isa = PBXBuildFile; fileRef = 400588391ABBA9C000858D6C /* libz.dylib */; };
		4005883E1ABBA9C000858D6C /* StoreKit.framework in Frameworks */ = {isa = PBXBuildFile; fileRef = 4005883A1ABBA9C000858D6C /* StoreKit.framework */; };
		4005883F1ABBA9C000858D6C /* SystemConfiguration.framework in Frameworks */ = {isa = PBXBuildFile; fileRef = 4005883B1ABBA9C000858D6C /* SystemConfiguration.framework */; };
		400588411ABBAA2600858D6C /* Parse.framework in Frameworks */ = {isa = PBXBuildFile; fileRef = 400588401ABBAA2600858D6C /* Parse.framework */; };
		4005884B1ABBAE6100858D6C /* Bolts.framework in Frameworks */ = {isa = PBXBuildFile; fileRef = 400588461ABBAE6100858D6C /* Bolts.framework */; };
		4005884C1ABBAE6100858D6C /* Parse.framework in Frameworks */ = {isa = PBXBuildFile; fileRef = 400588471ABBAE6100858D6C /* Parse.framework */; };
		4005884D1ABBAE6100858D6C /* ParseCrashReporting.framework in Frameworks */ = {isa = PBXBuildFile; fileRef = 400588481ABBAE6100858D6C /* ParseCrashReporting.framework */; };
		4005884E1ABBAE6100858D6C /* ParseFacebookUtils.framework in Frameworks */ = {isa = PBXBuildFile; fileRef = 400588491ABBAE6100858D6C /* ParseFacebookUtils.framework */; };
		4005884F1ABBAE6100858D6C /* ParseUI.framework in Frameworks */ = {isa = PBXBuildFile; fileRef = 4005884A1ABBAE6100858D6C /* ParseUI.framework */; };
		400588511ABBD08B00858D6C /* Storyboard.storyboard in Resources */ = {isa = PBXBuildFile; fileRef = 400588501ABBD08B00858D6C /* Storyboard.storyboard */; };
		400588531ABBD64500858D6C /* Accounts.framework in Frameworks */ = {isa = PBXBuildFile; fileRef = 400588521ABBD64500858D6C /* Accounts.framework */; };
		400588551ABBD64F00858D6C /* Social.framework in Frameworks */ = {isa = PBXBuildFile; fileRef = 400588541ABBD64F00858D6C /* Social.framework */; };
		400588591ABBD6F000858D6C /* SignUpViewController.swift in Sources */ = {isa = PBXBuildFile; fileRef = 400588581ABBD6F000858D6C /* SignUpViewController.swift */; };
		4005885B1ABBDB7200858D6C /* LoginViewController.swift in Sources */ = {isa = PBXBuildFile; fileRef = 4005885A1ABBDB7200858D6C /* LoginViewController.swift */; };
		4005885D1ABC6CFB00858D6C /* ProfilViewController.swift in Sources */ = {isa = PBXBuildFile; fileRef = 4005885C1ABC6CFB00858D6C /* ProfilViewController.swift */; };
		400588631ABC9E9400858D6C /* Images.xcassets in Resources */ = {isa = PBXBuildFile; fileRef = 400588621ABC9E9400858D6C /* Images.xcassets */; };
		400588651ABCA6C900858D6C /* widoo_rouge.png in Resources */ = {isa = PBXBuildFile; fileRef = 400588641ABCA6C900858D6C /* widoo_rouge.png */; };
		400588671ABCA6EF00858D6C /* widoo_rougeCroped.png in Resources */ = {isa = PBXBuildFile; fileRef = 400588661ABCA6EF00858D6C /* widoo_rougeCroped.png */; };
		403B89041AC1F93700E4AA61 /* CouponsViewController.swift in Sources */ = {isa = PBXBuildFile; fileRef = 403B89031AC1F93700E4AA61 /* CouponsViewController.swift */; };
		403B89071AC1F94300E4AA61 /* CouponsTableViewCell.swift in Sources */ = {isa = PBXBuildFile; fileRef = 403B89051AC1F94300E4AA61 /* CouponsTableViewCell.swift */; };
		403B89081AC1F94300E4AA61 /* Coupon.swift in Sources */ = {isa = PBXBuildFile; fileRef = 403B89061AC1F94300E4AA61 /* Coupon.swift */; };
		403B890E1AC23A0F00E4AA61 /* unknown.png in Resources */ = {isa = PBXBuildFile; fileRef = 403B890D1AC23A0F00E4AA61 /* unknown.png */; };
		403B89121AC2403100E4AA61 /* Lock.png in Resources */ = {isa = PBXBuildFile; fileRef = 403B89111AC2403100E4AA61 /* Lock.png */; };
		403B89151AC243C000E4AA61 /* CouponDetailViewController.swift in Sources */ = {isa = PBXBuildFile; fileRef = 403B89141AC243C000E4AA61 /* CouponDetailViewController.swift */; };
		7CF7A0531ABFAEDE00489D79 /* SWViewController.swift in Sources */ = {isa = PBXBuildFile; fileRef = 7CF7A0521ABFAEDE00489D79 /* SWViewController.swift */; };
		7CF7A0551AC06DEF00489D79 /* MapKit.framework in Frameworks */ = {isa = PBXBuildFile; fileRef = 7CF7A0541AC06DEF00489D79 /* MapKit.framework */; };
/* End PBXBuildFile section */

/* Begin PBXContainerItemProxy section */
		4005881B1ABBA92600858D6C /* PBXContainerItemProxy */ = {
			isa = PBXContainerItemProxy;
			containerPortal = 400588001ABBA92600858D6C /* Project object */;
			proxyType = 1;
			remoteGlobalIDString = 400588071ABBA92600858D6C;
			remoteInfo = Widoo;
		};
/* End PBXContainerItemProxy section */

/* Begin PBXFileReference section */
		400588081ABBA92600858D6C /* Widoo.app */ = {isa = PBXFileReference; explicitFileType = wrapper.application; includeInIndex = 0; path = Widoo.app; sourceTree = BUILT_PRODUCTS_DIR; };
		4005880C1ABBA92600858D6C /* Info.plist */ = {isa = PBXFileReference; lastKnownFileType = text.plist.xml; path = Info.plist; sourceTree = "<group>"; };
		4005880D1ABBA92600858D6C /* AppDelegate.swift */ = {isa = PBXFileReference; lastKnownFileType = sourcecode.swift; path = AppDelegate.swift; sourceTree = "<group>"; };
		4005880F1ABBA92600858D6C /* Widoo-Prefix.pch */ = {isa = PBXFileReference; lastKnownFileType = sourcecode.c.h; path = "Widoo-Prefix.pch"; sourceTree = "<group>"; };
		400588141ABBA92600858D6C /* Base */ = {isa = PBXFileReference; lastKnownFileType = file.xib; name = Base; path = Base.lproj/LaunchScreen.xib; sourceTree = "<group>"; };
		4005881A1ABBA92600858D6C /* WidooTests.xctest */ = {isa = PBXFileReference; explicitFileType = wrapper.cfbundle; includeInIndex = 0; path = WidooTests.xctest; sourceTree = BUILT_PRODUCTS_DIR; };
		4005881F1ABBA92600858D6C /* Info.plist */ = {isa = PBXFileReference; lastKnownFileType = text.plist.xml; path = Info.plist; sourceTree = "<group>"; };
		400588201ABBA92600858D6C /* WidooTests.swift */ = {isa = PBXFileReference; lastKnownFileType = sourcecode.swift; path = WidooTests.swift; sourceTree = "<group>"; };
		4005882A1ABBA93100858D6C /* AudioToolbox.framework */ = {isa = PBXFileReference; lastKnownFileType = wrapper.framework; name = AudioToolbox.framework; path = System/Library/Frameworks/AudioToolbox.framework; sourceTree = SDKROOT; };
		4005882C1ABBA95700858D6C /* CFNetwork.framework */ = {isa = PBXFileReference; lastKnownFileType = wrapper.framework; name = CFNetwork.framework; path = System/Library/Frameworks/CFNetwork.framework; sourceTree = SDKROOT; };
		4005882E1ABBA95D00858D6C /* CoreGraphics.framework */ = {isa = PBXFileReference; lastKnownFileType = wrapper.framework; name = CoreGraphics.framework; path = System/Library/Frameworks/CoreGraphics.framework; sourceTree = SDKROOT; };
		400588301ABBA96400858D6C /* CoreLocation.framework */ = {isa = PBXFileReference; lastKnownFileType = wrapper.framework; name = CoreLocation.framework; path = System/Library/Frameworks/CoreLocation.framework; sourceTree = SDKROOT; };
		400588321ABBA97200858D6C /* MobileCoreServices.framework */ = {isa = PBXFileReference; lastKnownFileType = wrapper.framework; name = MobileCoreServices.framework; path = System/Library/Frameworks/MobileCoreServices.framework; sourceTree = SDKROOT; };
		400588341ABBA97D00858D6C /* QuartzCore.framework */ = {isa = PBXFileReference; lastKnownFileType = wrapper.framework; name = QuartzCore.framework; path = System/Library/Frameworks/QuartzCore.framework; sourceTree = SDKROOT; };
		400588361ABBA98500858D6C /* Security.framework */ = {isa = PBXFileReference; lastKnownFileType = wrapper.framework; name = Security.framework; path = System/Library/Frameworks/Security.framework; sourceTree = SDKROOT; };
		400588381ABBA9C000858D6C /* libsqlite3.dylib */ = {isa = PBXFileReference; lastKnownFileType = "compiled.mach-o.dylib"; name = libsqlite3.dylib; path = usr/lib/libsqlite3.dylib; sourceTree = SDKROOT; };
		400588391ABBA9C000858D6C /* libz.dylib */ = {isa = PBXFileReference; lastKnownFileType = "compiled.mach-o.dylib"; name = libz.dylib; path = usr/lib/libz.dylib; sourceTree = SDKROOT; };
		4005883A1ABBA9C000858D6C /* StoreKit.framework */ = {isa = PBXFileReference; lastKnownFileType = wrapper.framework; name = StoreKit.framework; path = System/Library/Frameworks/StoreKit.framework; sourceTree = SDKROOT; };
		4005883B1ABBA9C000858D6C /* SystemConfiguration.framework */ = {isa = PBXFileReference; lastKnownFileType = wrapper.framework; name = SystemConfiguration.framework; path = System/Library/Frameworks/SystemConfiguration.framework; sourceTree = SDKROOT; };
		400588401ABBAA2600858D6C /* Parse.framework */ = {isa = PBXFileReference; lastKnownFileType = wrapper.framework; path = Parse.framework; sourceTree = "<group>"; };
		400588431ABBAABD00858D6C /* Widoo-Bridging-Header.h */ = {isa = PBXFileReference; lastKnownFileType = sourcecode.c.h; path = "Widoo-Bridging-Header.h"; sourceTree = "<group>"; };
		400588461ABBAE6100858D6C /* Bolts.framework */ = {isa = PBXFileReference; lastKnownFileType = wrapper.framework; path = Bolts.framework; sourceTree = "<group>"; };
		400588471ABBAE6100858D6C /* Parse.framework */ = {isa = PBXFileReference; lastKnownFileType = wrapper.framework; path = Parse.framework; sourceTree = "<group>"; };
		400588481ABBAE6100858D6C /* ParseCrashReporting.framework */ = {isa = PBXFileReference; lastKnownFileType = wrapper.framework; path = ParseCrashReporting.framework; sourceTree = "<group>"; };
		400588491ABBAE6100858D6C /* ParseFacebookUtils.framework */ = {isa = PBXFileReference; lastKnownFileType = wrapper.framework; path = ParseFacebookUtils.framework; sourceTree = "<group>"; };
		4005884A1ABBAE6100858D6C /* ParseUI.framework */ = {isa = PBXFileReference; lastKnownFileType = wrapper.framework; path = ParseUI.framework; sourceTree = "<group>"; };
		400588501ABBD08B00858D6C /* Storyboard.storyboard */ = {isa = PBXFileReference; fileEncoding = 4; lastKnownFileType = file.storyboard; path = Storyboard.storyboard; sourceTree = "<group>"; };
		400588521ABBD64500858D6C /* Accounts.framework */ = {isa = PBXFileReference; lastKnownFileType = wrapper.framework; name = Accounts.framework; path = System/Library/Frameworks/Accounts.framework; sourceTree = SDKROOT; };
		400588541ABBD64F00858D6C /* Social.framework */ = {isa = PBXFileReference; lastKnownFileType = wrapper.framework; name = Social.framework; path = System/Library/Frameworks/Social.framework; sourceTree = SDKROOT; };
		400588581ABBD6F000858D6C /* SignUpViewController.swift */ = {isa = PBXFileReference; fileEncoding = 4; lastKnownFileType = sourcecode.swift; path = SignUpViewController.swift; sourceTree = "<group>"; };
		4005885A1ABBDB7200858D6C /* LoginViewController.swift */ = {isa = PBXFileReference; fileEncoding = 4; lastKnownFileType = sourcecode.swift; path = LoginViewController.swift; sourceTree = "<group>"; };
		4005885C1ABC6CFB00858D6C /* ProfilViewController.swift */ = {isa = PBXFileReference; fileEncoding = 4; lastKnownFileType = sourcecode.swift; path = ProfilViewController.swift; sourceTree = "<group>"; };
		400588621ABC9E9400858D6C /* Images.xcassets */ = {isa = PBXFileReference; lastKnownFileType = folder.assetcatalog; path = Images.xcassets; sourceTree = "<group>"; };
		400588641ABCA6C900858D6C /* widoo_rouge.png */ = {isa = PBXFileReference; lastKnownFileType = image.png; path = widoo_rouge.png; sourceTree = "<group>"; };
		400588661ABCA6EF00858D6C /* widoo_rougeCroped.png */ = {isa = PBXFileReference; lastKnownFileType = image.png; path = widoo_rougeCroped.png; sourceTree = "<group>"; };
		403B89031AC1F93700E4AA61 /* CouponsViewController.swift */ = {isa = PBXFileReference; fileEncoding = 4; lastKnownFileType = sourcecode.swift; path = CouponsViewController.swift; sourceTree = "<group>"; };
		403B89051AC1F94300E4AA61 /* CouponsTableViewCell.swift */ = {isa = PBXFileReference; fileEncoding = 4; lastKnownFileType = sourcecode.swift; path = CouponsTableViewCell.swift; sourceTree = "<group>"; };
		403B89061AC1F94300E4AA61 /* Coupon.swift */ = {isa = PBXFileReference; fileEncoding = 4; lastKnownFileType = sourcecode.swift; path = Coupon.swift; sourceTree = "<group>"; };
		403B890D1AC23A0F00E4AA61 /* unknown.png */ = {isa = PBXFileReference; lastKnownFileType = image.png; path = unknown.png; sourceTree = "<group>"; };
		403B89111AC2403100E4AA61 /* Lock.png */ = {isa = PBXFileReference; lastKnownFileType = image.png; path = Lock.png; sourceTree = "<group>"; };
		403B89141AC243C000E4AA61 /* CouponDetailViewController.swift */ = {isa = PBXFileReference; fileEncoding = 4; lastKnownFileType = sourcecode.swift; path = CouponDetailViewController.swift; sourceTree = "<group>"; };
		7CF7A0521ABFAEDE00489D79 /* SWViewController.swift */ = {isa = PBXFileReference; fileEncoding = 4; lastKnownFileType = sourcecode.swift; name = SWViewController.swift; path = ../SWViewController.swift; sourceTree = "<group>"; };
		7CF7A0541AC06DEF00489D79 /* MapKit.framework */ = {isa = PBXFileReference; lastKnownFileType = wrapper.framework; name = MapKit.framework; path = System/Library/Frameworks/MapKit.framework; sourceTree = SDKROOT; };
/* End PBXFileReference section */

/* Begin PBXFrameworksBuildPhase section */
		400588051ABBA92600858D6C /* Frameworks */ = {
			isa = PBXFrameworksBuildPhase;
			buildActionMask = 2147483647;
			files = (
				400588551ABBD64F00858D6C /* Social.framework in Frameworks */,
				400588531ABBD64500858D6C /* Accounts.framework in Frameworks */,
				7CF7A0551AC06DEF00489D79 /* MapKit.framework in Frameworks */,
				4005883C1ABBA9C000858D6C /* libsqlite3.dylib in Frameworks */,
				4005884D1ABBAE6100858D6C /* ParseCrashReporting.framework in Frameworks */,
				4005883D1ABBA9C000858D6C /* libz.dylib in Frameworks */,
				4005883E1ABBA9C000858D6C /* StoreKit.framework in Frameworks */,
				4005883F1ABBA9C000858D6C /* SystemConfiguration.framework in Frameworks */,
				400588371ABBA98500858D6C /* Security.framework in Frameworks */,
				400588351ABBA97D00858D6C /* QuartzCore.framework in Frameworks */,
				400588331ABBA97200858D6C /* MobileCoreServices.framework in Frameworks */,
				4005884B1ABBAE6100858D6C /* Bolts.framework in Frameworks */,
				4005884F1ABBAE6100858D6C /* ParseUI.framework in Frameworks */,
				400588311ABBA96400858D6C /* CoreLocation.framework in Frameworks */,
				4005882F1ABBA95D00858D6C /* CoreGraphics.framework in Frameworks */,
				4005884C1ABBAE6100858D6C /* Parse.framework in Frameworks */,
				4005882D1ABBA95700858D6C /* CFNetwork.framework in Frameworks */,
				400588411ABBAA2600858D6C /* Parse.framework in Frameworks */,
				4005884E1ABBAE6100858D6C /* ParseFacebookUtils.framework in Frameworks */,
				4005882B1ABBA93100858D6C /* AudioToolbox.framework in Frameworks */,
			);
			runOnlyForDeploymentPostprocessing = 0;
		};
		400588171ABBA92600858D6C /* Frameworks */ = {
			isa = PBXFrameworksBuildPhase;
			buildActionMask = 2147483647;
			files = (
			);
			runOnlyForDeploymentPostprocessing = 0;
		};
/* End PBXFrameworksBuildPhase section */

/* Begin PBXGroup section */
		400587FF1ABBA92600858D6C = {
			isa = PBXGroup;
			children = (
				400588661ABCA6EF00858D6C /* widoo_rougeCroped.png */,
				403B890D1AC23A0F00E4AA61 /* unknown.png */,
				400588641ABCA6C900858D6C /* widoo_rouge.png */,
				403B89111AC2403100E4AA61 /* Lock.png */,
				400588421ABBAA3A00858D6C /* Frameworks */,
				4005880A1ABBA92600858D6C /* Widoo */,
				4005881D1ABBA92600858D6C /* WidooTests */,
				400588091ABBA92600858D6C /* Products */,
			);
			sourceTree = "<group>";
		};
		400588091ABBA92600858D6C /* Products */ = {
			isa = PBXGroup;
			children = (
				400588081ABBA92600858D6C /* Widoo.app */,
				4005881A1ABBA92600858D6C /* WidooTests.xctest */,
			);
			name = Products;
			sourceTree = "<group>";
		};
		4005880A1ABBA92600858D6C /* Widoo */ = {
			isa = PBXGroup;
			children = (
				400588431ABBAABD00858D6C /* Widoo-Bridging-Header.h */,
				4005880D1ABBA92600858D6C /* AppDelegate.swift */,
				4005880F1ABBA92600858D6C /* Widoo-Prefix.pch */,
				400588131ABBA92600858D6C /* LaunchScreen.xib */,
				400588621ABC9E9400858D6C /* Images.xcassets */,
				403B89031AC1F93700E4AA61 /* CouponsViewController.swift */,
				403B89051AC1F94300E4AA61 /* CouponsTableViewCell.swift */,
				403B89061AC1F94300E4AA61 /* Coupon.swift */,
				4005880B1ABBA92600858D6C /* Supporting Files */,
				400588501ABBD08B00858D6C /* Storyboard.storyboard */,
				400588581ABBD6F000858D6C /* SignUpViewController.swift */,
				403B89141AC243C000E4AA61 /* CouponDetailViewController.swift */,
				4005885A1ABBDB7200858D6C /* LoginViewController.swift */,
				4005885C1ABC6CFB00858D6C /* ProfilViewController.swift */,
				7CF7A0521ABFAEDE00489D79 /* SWViewController.swift */,
			);
			path = Widoo;
			sourceTree = "<group>";
		};
		4005880B1ABBA92600858D6C /* Supporting Files */ = {
			isa = PBXGroup;
			children = (
				4005880C1ABBA92600858D6C /* Info.plist */,
			);
			name = "Supporting Files";
			sourceTree = "<group>";
		};
		4005881D1ABBA92600858D6C /* WidooTests */ = {
			isa = PBXGroup;
			children = (
				400588201ABBA92600858D6C /* WidooTests.swift */,
				4005881E1ABBA92600858D6C /* Supporting Files */,
			);
			path = WidooTests;
			sourceTree = "<group>";
		};
		4005881E1ABBA92600858D6C /* Supporting Files */ = {
			isa = PBXGroup;
			children = (
				4005881F1ABBA92600858D6C /* Info.plist */,
			);
			name = "Supporting Files";
			sourceTree = "<group>";
		};
		400588421ABBAA3A00858D6C /* Frameworks */ = {
			isa = PBXGroup;
			children = (
				7CF7A0541AC06DEF00489D79 /* MapKit.framework */,
				400588541ABBD64F00858D6C /* Social.framework */,
				400588521ABBD64500858D6C /* Accounts.framework */,
				400588461ABBAE6100858D6C /* Bolts.framework */,
				400588471ABBAE6100858D6C /* Parse.framework */,
				400588481ABBAE6100858D6C /* ParseCrashReporting.framework */,
				400588491ABBAE6100858D6C /* ParseFacebookUtils.framework */,
				4005884A1ABBAE6100858D6C /* ParseUI.framework */,
				400588401ABBAA2600858D6C /* Parse.framework */,
				400588381ABBA9C000858D6C /* libsqlite3.dylib */,
				400588391ABBA9C000858D6C /* libz.dylib */,
				4005883A1ABBA9C000858D6C /* StoreKit.framework */,
				4005883B1ABBA9C000858D6C /* SystemConfiguration.framework */,
				400588361ABBA98500858D6C /* Security.framework */,
				400588341ABBA97D00858D6C /* QuartzCore.framework */,
				400588321ABBA97200858D6C /* MobileCoreServices.framework */,
				400588301ABBA96400858D6C /* CoreLocation.framework */,
				4005882E1ABBA95D00858D6C /* CoreGraphics.framework */,
				4005882C1ABBA95700858D6C /* CFNetwork.framework */,
				4005882A1ABBA93100858D6C /* AudioToolbox.framework */,
			);
			name = Frameworks;
			sourceTree = "<group>";
		};
/* End PBXGroup section */

/* Begin PBXNativeTarget section */
		400588071ABBA92600858D6C /* Widoo */ = {
			isa = PBXNativeTarget;
			buildConfigurationList = 400588241ABBA92600858D6C /* Build configuration list for PBXNativeTarget "Widoo" */;
			buildPhases = (
				400588041ABBA92600858D6C /* Sources */,
				400588051ABBA92600858D6C /* Frameworks */,
				400588061ABBA92600858D6C /* Resources */,
			);
			buildRules = (
			);
			dependencies = (
			);
			name = Widoo;
			productName = Widoo;
			productReference = 400588081ABBA92600858D6C /* Widoo.app */;
			productType = "com.apple.product-type.application";
		};
		400588191ABBA92600858D6C /* WidooTests */ = {
			isa = PBXNativeTarget;
			buildConfigurationList = 400588271ABBA92600858D6C /* Build configuration list for PBXNativeTarget "WidooTests" */;
			buildPhases = (
				400588161ABBA92600858D6C /* Sources */,
				400588171ABBA92600858D6C /* Frameworks */,
				400588181ABBA92600858D6C /* Resources */,
			);
			buildRules = (
			);
			dependencies = (
				4005881C1ABBA92600858D6C /* PBXTargetDependency */,
			);
			name = WidooTests;
			productName = WidooTests;
			productReference = 4005881A1ABBA92600858D6C /* WidooTests.xctest */;
			productType = "com.apple.product-type.bundle.unit-test";
		};
/* End PBXNativeTarget section */

/* Begin PBXProject section */
		400588001ABBA92600858D6C /* Project object */ = {
			isa = PBXProject;
			attributes = {
				LastUpgradeCheck = 0620;
				ORGANIZATIONNAME = "Michael Abdallah-Minciotti";
				TargetAttributes = {
					400588071ABBA92600858D6C = {
						CreatedOnToolsVersion = 6.2;
						DevelopmentTeam = 2S3D8J8M3T;
						SystemCapabilities = {
							com.apple.Maps.iOS = {
								enabled = 1;
							};
						};
					};
					400588191ABBA92600858D6C = {
						CreatedOnToolsVersion = 6.2;
						DevelopmentTeam = 2S3D8J8M3T;
						TestTargetID = 400588071ABBA92600858D6C;
					};
				};
			};
			buildConfigurationList = 400588031ABBA92600858D6C /* Build configuration list for PBXProject "Widoo" */;
			compatibilityVersion = "Xcode 3.2";
			developmentRegion = English;
			hasScannedForEncodings = 0;
			knownRegions = (
				en,
				Base,
			);
			mainGroup = 400587FF1ABBA92600858D6C;
			productRefGroup = 400588091ABBA92600858D6C /* Products */;
			projectDirPath = "";
			projectRoot = "";
			targets = (
				400588071ABBA92600858D6C /* Widoo */,
				400588191ABBA92600858D6C /* WidooTests */,
			);
		};
/* End PBXProject section */

/* Begin PBXResourcesBuildPhase section */
		400588061ABBA92600858D6C /* Resources */ = {
			isa = PBXResourcesBuildPhase;
			buildActionMask = 2147483647;
			files = (
				400588671ABCA6EF00858D6C /* widoo_rougeCroped.png in Resources */,
				403B890E1AC23A0F00E4AA61 /* unknown.png in Resources */,
				400588101ABBA92600858D6C /* Widoo-Prefix.pch in Resources */,
				400588631ABC9E9400858D6C /* Images.xcassets in Resources */,
				403B89121AC2403100E4AA61 /* Lock.png in Resources */,
				400588651ABCA6C900858D6C /* widoo_rouge.png in Resources */,
				400588511ABBD08B00858D6C /* Storyboard.storyboard in Resources */,
				400588151ABBA92600858D6C /* LaunchScreen.xib in Resources */,
			);
			runOnlyForDeploymentPostprocessing = 0;
		};
		400588181ABBA92600858D6C /* Resources */ = {
			isa = PBXResourcesBuildPhase;
			buildActionMask = 2147483647;
			files = (
			);
			runOnlyForDeploymentPostprocessing = 0;
		};
/* End PBXResourcesBuildPhase section */

/* Begin PBXSourcesBuildPhase section */
		400588041ABBA92600858D6C /* Sources */ = {
			isa = PBXSourcesBuildPhase;
			buildActionMask = 2147483647;
			files = (
				403B89151AC243C000E4AA61 /* CouponDetailViewController.swift in Sources */,
				403B89041AC1F93700E4AA61 /* CouponsViewController.swift in Sources */,
				4005885D1ABC6CFB00858D6C /* ProfilViewController.swift in Sources */,
				4005885B1ABBDB7200858D6C /* LoginViewController.swift in Sources */,
				403B89081AC1F94300E4AA61 /* Coupon.swift in Sources */,
				400588591ABBD6F000858D6C /* SignUpViewController.swift in Sources */,
				7CF7A0531ABFAEDE00489D79 /* SWViewController.swift in Sources */,
				403B89071AC1F94300E4AA61 /* CouponsTableViewCell.swift in Sources */,
				4005880E1ABBA92600858D6C /* AppDelegate.swift in Sources */,
			);
			runOnlyForDeploymentPostprocessing = 0;
		};
		400588161ABBA92600858D6C /* Sources */ = {
			isa = PBXSourcesBuildPhase;
			buildActionMask = 2147483647;
			files = (
				400588211ABBA92600858D6C /* WidooTests.swift in Sources */,
			);
			runOnlyForDeploymentPostprocessing = 0;
		};
/* End PBXSourcesBuildPhase section */

/* Begin PBXTargetDependency section */
		4005881C1ABBA92600858D6C /* PBXTargetDependency */ = {
			isa = PBXTargetDependency;
			target = 400588071ABBA92600858D6C /* Widoo */;
			targetProxy = 4005881B1ABBA92600858D6C /* PBXContainerItemProxy */;
		};
/* End PBXTargetDependency section */

/* Begin PBXVariantGroup section */
		400588131ABBA92600858D6C /* LaunchScreen.xib */ = {
			isa = PBXVariantGroup;
			children = (
				400588141ABBA92600858D6C /* Base */,
			);
			name = LaunchScreen.xib;
			sourceTree = "<group>";
		};
/* End PBXVariantGroup section */

/* Begin XCBuildConfiguration section */
		400588221ABBA92600858D6C /* Debug */ = {
			isa = XCBuildConfiguration;
			buildSettings = {
				ALWAYS_SEARCH_USER_PATHS = NO;
				CLANG_CXX_LANGUAGE_STANDARD = "gnu++0x";
				CLANG_CXX_LIBRARY = "libc++";
				CLANG_ENABLE_MODULES = YES;
				CLANG_ENABLE_OBJC_ARC = YES;
				CLANG_WARN_BOOL_CONVERSION = YES;
				CLANG_WARN_CONSTANT_CONVERSION = YES;
				CLANG_WARN_DIRECT_OBJC_ISA_USAGE = YES_ERROR;
				CLANG_WARN_EMPTY_BODY = YES;
				CLANG_WARN_ENUM_CONVERSION = YES;
				CLANG_WARN_INT_CONVERSION = YES;
				CLANG_WARN_OBJC_ROOT_CLASS = YES_ERROR;
				CLANG_WARN_UNREACHABLE_CODE = YES;
				CLANG_WARN__DUPLICATE_METHOD_MATCH = YES;
				"CODE_SIGN_IDENTITY[sdk=iphoneos*]" = "iPhone Developer";
				COPY_PHASE_STRIP = NO;
				ENABLE_STRICT_OBJC_MSGSEND = YES;
				GCC_C_LANGUAGE_STANDARD = gnu99;
				GCC_DYNAMIC_NO_PIC = NO;
				GCC_OPTIMIZATION_LEVEL = 0;
				GCC_PREPROCESSOR_DEFINITIONS = (
					"DEBUG=1",
					"$(inherited)",
				);
				GCC_SYMBOLS_PRIVATE_EXTERN = NO;
				GCC_WARN_64_TO_32_BIT_CONVERSION = YES;
				GCC_WARN_ABOUT_RETURN_TYPE = YES_ERROR;
				GCC_WARN_UNDECLARED_SELECTOR = YES;
				GCC_WARN_UNINITIALIZED_AUTOS = YES_AGGRESSIVE;
				GCC_WARN_UNUSED_FUNCTION = YES;
				GCC_WARN_UNUSED_VARIABLE = YES;
				IPHONEOS_DEPLOYMENT_TARGET = 8.2;
				MTL_ENABLE_DEBUG_INFO = YES;
				ONLY_ACTIVE_ARCH = YES;
				SDKROOT = iphoneos;
				SWIFT_OPTIMIZATION_LEVEL = "-Onone";
			};
			name = Debug;
		};
		400588231ABBA92600858D6C /* Release */ = {
			isa = XCBuildConfiguration;
			buildSettings = {
				ALWAYS_SEARCH_USER_PATHS = NO;
				CLANG_CXX_LANGUAGE_STANDARD = "gnu++0x";
				CLANG_CXX_LIBRARY = "libc++";
				CLANG_ENABLE_MODULES = YES;
				CLANG_ENABLE_OBJC_ARC = YES;
				CLANG_WARN_BOOL_CONVERSION = YES;
				CLANG_WARN_CONSTANT_CONVERSION = YES;
				CLANG_WARN_DIRECT_OBJC_ISA_USAGE = YES_ERROR;
				CLANG_WARN_EMPTY_BODY = YES;
				CLANG_WARN_ENUM_CONVERSION = YES;
				CLANG_WARN_INT_CONVERSION = YES;
				CLANG_WARN_OBJC_ROOT_CLASS = YES_ERROR;
				CLANG_WARN_UNREACHABLE_CODE = YES;
				CLANG_WARN__DUPLICATE_METHOD_MATCH = YES;
				"CODE_SIGN_IDENTITY[sdk=iphoneos*]" = "iPhone Developer";
				COPY_PHASE_STRIP = NO;
				ENABLE_NS_ASSERTIONS = NO;
				ENABLE_STRICT_OBJC_MSGSEND = YES;
				GCC_C_LANGUAGE_STANDARD = gnu99;
				GCC_WARN_64_TO_32_BIT_CONVERSION = YES;
				GCC_WARN_ABOUT_RETURN_TYPE = YES_ERROR;
				GCC_WARN_UNDECLARED_SELECTOR = YES;
				GCC_WARN_UNINITIALIZED_AUTOS = YES_AGGRESSIVE;
				GCC_WARN_UNUSED_FUNCTION = YES;
				GCC_WARN_UNUSED_VARIABLE = YES;
				IPHONEOS_DEPLOYMENT_TARGET = 8.2;
				MTL_ENABLE_DEBUG_INFO = NO;
				SDKROOT = iphoneos;
				VALIDATE_PRODUCT = YES;
			};
			name = Release;
		};
		400588251ABBA92600858D6C /* Debug */ = {
			isa = XCBuildConfiguration;
			buildSettings = {
				ASSETCATALOG_COMPILER_APPICON_NAME = AppIcon;
				CLANG_ENABLE_MODULES = YES;
				CODE_SIGN_IDENTITY = "iPhone Developer";
				"CODE_SIGN_IDENTITY[sdk=iphoneos*]" = "iPhone Developer";
				FRAMEWORK_SEARCH_PATHS = (
					"$(inherited)",
					"$(PROJECT_DIR)",
				);
				INFOPLIST_FILE = Widoo/Info.plist;
				IPHONEOS_DEPLOYMENT_TARGET = 8.1;
				LD_RUNPATH_SEARCH_PATHS = "$(inherited) @executable_path/Frameworks";
				PRODUCT_NAME = "$(TARGET_NAME)";
				PROVISIONING_PROFILE = "";
				SWIFT_OBJC_BRIDGING_HEADER = "Widoo/Widoo-Bridging-Header.h";
				SWIFT_OPTIMIZATION_LEVEL = "-Onone";
				TARGETED_DEVICE_FAMILY = 1;
			};
			name = Debug;
		};
		400588261ABBA92600858D6C /* Release */ = {
			isa = XCBuildConfiguration;
			buildSettings = {
				ASSETCATALOG_COMPILER_APPICON_NAME = AppIcon;
				CLANG_ENABLE_MODULES = YES;
				CODE_SIGN_IDENTITY = "iPhone Developer";
				"CODE_SIGN_IDENTITY[sdk=iphoneos*]" = "iPhone Developer";
				FRAMEWORK_SEARCH_PATHS = (
					"$(inherited)",
					"$(PROJECT_DIR)",
				);
				INFOPLIST_FILE = Widoo/Info.plist;
				IPHONEOS_DEPLOYMENT_TARGET = 8.1;
				LD_RUNPATH_SEARCH_PATHS = "$(inherited) @executable_path/Frameworks";
				PRODUCT_NAME = "$(TARGET_NAME)";
				PROVISIONING_PROFILE = "";
				SWIFT_OBJC_BRIDGING_HEADER = "Widoo/Widoo-Bridging-Header.h";
				TARGETED_DEVICE_FAMILY = 1;
			};
			name = Release;
		};
		400588281ABBA92600858D6C /* Debug */ = {
			isa = XCBuildConfiguration;
			buildSettings = {
				BUNDLE_LOADER = "$(TEST_HOST)";
				FRAMEWORK_SEARCH_PATHS = (
					"$(SDKROOT)/Developer/Library/Frameworks",
					"$(inherited)",
				);
				GCC_PREPROCESSOR_DEFINITIONS = (
					"DEBUG=1",
					"$(inherited)",
				);
				INFOPLIST_FILE = WidooTests/Info.plist;
				IPHONEOS_DEPLOYMENT_TARGET = 8.0;
				LD_RUNPATH_SEARCH_PATHS = "$(inherited) @executable_path/Frameworks @loader_path/Frameworks";
				PRODUCT_NAME = "$(TARGET_NAME)";
				TEST_HOST = "$(BUILT_PRODUCTS_DIR)/Widoo.app/Widoo";
			};
			name = Debug;
		};
		400588291ABBA92600858D6C /* Release */ = {
			isa = XCBuildConfiguration;
			buildSettings = {
				BUNDLE_LOADER = "$(TEST_HOST)";
				FRAMEWORK_SEARCH_PATHS = (
					"$(SDKROOT)/Developer/Library/Frameworks",
					"$(inherited)",
				);
				INFOPLIST_FILE = WidooTests/Info.plist;
				IPHONEOS_DEPLOYMENT_TARGET = 8.0;
				LD_RUNPATH_SEARCH_PATHS = "$(inherited) @executable_path/Frameworks @loader_path/Frameworks";
				PRODUCT_NAME = "$(TARGET_NAME)";
				TEST_HOST = "$(BUILT_PRODUCTS_DIR)/Widoo.app/Widoo";
			};
			name = Release;
		};
/* End XCBuildConfiguration section */

/* Begin XCConfigurationList section */
		400588031ABBA92600858D6C /* Build configuration list for PBXProject "Widoo" */ = {
			isa = XCConfigurationList;
			buildConfigurations = (
				400588221ABBA92600858D6C /* Debug */,
				400588231ABBA92600858D6C /* Release */,
			);
			defaultConfigurationIsVisible = 0;
			defaultConfigurationName = Release;
		};
		400588241ABBA92600858D6C /* Build configuration list for PBXNativeTarget "Widoo" */ = {
			isa = XCConfigurationList;
			buildConfigurations = (
				400588251ABBA92600858D6C /* Debug */,
				400588261ABBA92600858D6C /* Release */,
			);
			defaultConfigurationIsVisible = 0;
			defaultConfigurationName = Release;
		};
		400588271ABBA92600858D6C /* Build configuration list for PBXNativeTarget "WidooTests" */ = {
			isa = XCConfigurationList;
			buildConfigurations = (
				400588281ABBA92600858D6C /* Debug */,
				400588291ABBA92600858D6C /* Release */,
			);
			defaultConfigurationIsVisible = 0;
			defaultConfigurationName = Release;
		};
/* End XCConfigurationList section */
	};
	rootObject = 400588001ABBA92600858D6C /* Project object */;
}
